// !$*UTF8*$!
{
	archiveVersion = 1;
	classes = {
	};
	objectVersion = 50;
	objects = {

/* Begin PBXBuildFile section */
		CB8F86172734AA7B0026F1BA /* PeelPageIndicator.swift in Sources */ = {isa = PBXBuildFile; fileRef = CB8F86162734AA7B0026F1BA /* PeelPageIndicator.swift */; };
		CB8FC2122732C9C00029E537 /* Onboarding_SwiftUIApp.swift in Sources */ = {isa = PBXBuildFile; fileRef = CB8FC2112732C9C00029E537 /* Onboarding_SwiftUIApp.swift */; };
		CB8FC2162732C9C20029E537 /* Assets.xcassets in Resources */ = {isa = PBXBuildFile; fileRef = CB8FC2152732C9C20029E537 /* Assets.xcassets */; };
		CB8FC2192732C9C20029E537 /* Preview Assets.xcassets in Resources */ = {isa = PBXBuildFile; fileRef = CB8FC2182732C9C20029E537 /* Preview Assets.xcassets */; };
		CB8FC2252732D0390029E537 /* FadingOnboardingView.swift in Sources */ = {isa = PBXBuildFile; fileRef = CB8FC2242732D0390029E537 /* FadingOnboardingView.swift */; };
		CB8FC2272732D04D0029E537 /* TextAnimation.swift in Sources */ = {isa = PBXBuildFile; fileRef = CB8FC2262732D04D0029E537 /* TextAnimation.swift */; };
		CB8FC22A2732D0ED0029E537 /* Constants.swift in Sources */ = {isa = PBXBuildFile; fileRef = CB8FC2292732D0ED0029E537 /* Constants.swift */; };
		CB8FC22E2732EC940029E537 /* DotInversionOnboardingView.swift in Sources */ = {isa = PBXBuildFile; fileRef = CB8FC22D2732EC940029E537 /* DotInversionOnboardingView.swift */; };
		CB8FC230273329320029E537 /* DotScreenModel.swift in Sources */ = {isa = PBXBuildFile; fileRef = CB8FC22F273329320029E537 /* DotScreenModel.swift */; };
		CB8FC2332733478A0029E537 /* View+Extension.swift in Sources */ = {isa = PBXBuildFile; fileRef = CB8FC2322733478A0029E537 /* View+Extension.swift */; };
		CB8FC237273403C40029E537 /* SkipButton.swift in Sources */ = {isa = PBXBuildFile; fileRef = CB8FC236273403C40029E537 /* SkipButton.swift */; };
		CB8FC239273404580029E537 /* PageIndicator.swift in Sources */ = {isa = PBXBuildFile; fileRef = CB8FC238273404580029E537 /* PageIndicator.swift */; };
		CB8FC23B273405060029E537 /* SigninButton.swift in Sources */ = {isa = PBXBuildFile; fileRef = CB8FC23A273405060029E537 /* SigninButton.swift */; };
		CB8FC23F27340D0D0029E537 /* PeelAwayOnboardingView.swift in Sources */ = {isa = PBXBuildFile; fileRef = CB8FC23E27340D0D0029E537 /* PeelAwayOnboardingView.swift */; };
		CB8FC24127340D740029E537 /* PeelScreenModel.swift in Sources */ = {isa = PBXBuildFile; fileRef = CB8FC24027340D740029E537 /* PeelScreenModel.swift */; };
		CB8FC2432734149F0029E537 /* LiquidView.swift in Sources */ = {isa = PBXBuildFile; fileRef = CB8FC2422734149F0029E537 /* LiquidView.swift */; };
		CB94BE582738075500D2C94D /* BackButton.swift in Sources */ = {isa = PBXBuildFile; fileRef = CB94BE572738075500D2C94D /* BackButton.swift */; };
		CB94BE5B27380AB400D2C94D /* ContainerView.swift in Sources */ = {isa = PBXBuildFile; fileRef = CB94BE5A27380AB400D2C94D /* ContainerView.swift */; };
/* End PBXBuildFile section */

/* Begin PBXFileReference section */
		CB8F86162734AA7B0026F1BA /* PeelPageIndicator.swift */ = {isa = PBXFileReference; lastKnownFileType = sourcecode.swift; path = PeelPageIndicator.swift; sourceTree = "<group>"; };
		CB8FC20E2732C9C00029E537 /* Onboarding-SwiftUI.app */ = {isa = PBXFileReference; explicitFileType = wrapper.application; includeInIndex = 0; path = "Onboarding-SwiftUI.app"; sourceTree = BUILT_PRODUCTS_DIR; };
		CB8FC2112732C9C00029E537 /* Onboarding_SwiftUIApp.swift */ = {isa = PBXFileReference; lastKnownFileType = sourcecode.swift; path = Onboarding_SwiftUIApp.swift; sourceTree = "<group>"; };
		CB8FC2152732C9C20029E537 /* Assets.xcassets */ = {isa = PBXFileReference; lastKnownFileType = folder.assetcatalog; path = Assets.xcassets; sourceTree = "<group>"; };
		CB8FC2182732C9C20029E537 /* Preview Assets.xcassets */ = {isa = PBXFileReference; lastKnownFileType = folder.assetcatalog; path = "Preview Assets.xcassets"; sourceTree = "<group>"; };
		CB8FC21A2732C9C20029E537 /* Info.plist */ = {isa = PBXFileReference; lastKnownFileType = text.plist.xml; path = Info.plist; sourceTree = "<group>"; };
		CB8FC2242732D0390029E537 /* FadingOnboardingView.swift */ = {isa = PBXFileReference; lastKnownFileType = sourcecode.swift; path = FadingOnboardingView.swift; sourceTree = "<group>"; };
		CB8FC2262732D04D0029E537 /* TextAnimation.swift */ = {isa = PBXFileReference; lastKnownFileType = sourcecode.swift; path = TextAnimation.swift; sourceTree = "<group>"; };
		CB8FC2292732D0ED0029E537 /* Constants.swift */ = {isa = PBXFileReference; lastKnownFileType = sourcecode.swift; path = Constants.swift; sourceTree = "<group>"; };
		CB8FC22D2732EC940029E537 /* DotInversionOnboardingView.swift */ = {isa = PBXFileReference; lastKnownFileType = sourcecode.swift; path = DotInversionOnboardingView.swift; sourceTree = "<group>"; };
		CB8FC22F273329320029E537 /* DotScreenModel.swift */ = {isa = PBXFileReference; lastKnownFileType = sourcecode.swift; path = DotScreenModel.swift; sourceTree = "<group>"; };
		CB8FC2322733478A0029E537 /* View+Extension.swift */ = {isa = PBXFileReference; lastKnownFileType = sourcecode.swift; path = "View+Extension.swift"; sourceTree = "<group>"; };
		CB8FC236273403C40029E537 /* SkipButton.swift */ = {isa = PBXFileReference; lastKnownFileType = sourcecode.swift; path = SkipButton.swift; sourceTree = "<group>"; };
		CB8FC238273404580029E537 /* PageIndicator.swift */ = {isa = PBXFileReference; lastKnownFileType = sourcecode.swift; path = PageIndicator.swift; sourceTree = "<group>"; };
		CB8FC23A273405060029E537 /* SigninButton.swift */ = {isa = PBXFileReference; lastKnownFileType = sourcecode.swift; path = SigninButton.swift; sourceTree = "<group>"; };
		CB8FC23E27340D0D0029E537 /* PeelAwayOnboardingView.swift */ = {isa = PBXFileReference; lastKnownFileType = sourcecode.swift; path = PeelAwayOnboardingView.swift; sourceTree = "<group>"; };
		CB8FC24027340D740029E537 /* PeelScreenModel.swift */ = {isa = PBXFileReference; lastKnownFileType = sourcecode.swift; path = PeelScreenModel.swift; sourceTree = "<group>"; };
		CB8FC2422734149F0029E537 /* LiquidView.swift */ = {isa = PBXFileReference; lastKnownFileType = sourcecode.swift; path = LiquidView.swift; sourceTree = "<group>"; };
		CB94BE572738075500D2C94D /* BackButton.swift */ = {isa = PBXFileReference; lastKnownFileType = sourcecode.swift; path = BackButton.swift; sourceTree = "<group>"; };
		CB94BE5A27380AB400D2C94D /* ContainerView.swift */ = {isa = PBXFileReference; lastKnownFileType = sourcecode.swift; path = ContainerView.swift; sourceTree = "<group>"; };
/* End PBXFileReference section */

/* Begin PBXFrameworksBuildPhase section */
		CB8FC20B2732C9C00029E537 /* Frameworks */ = {
			isa = PBXFrameworksBuildPhase;
			buildActionMask = 2147483647;
			files = (
			);
			runOnlyForDeploymentPostprocessing = 0;
		};
/* End PBXFrameworksBuildPhase section */

/* Begin PBXGroup section */
		CB8FC2052732C9C00029E537 = {
			isa = PBXGroup;
			children = (
				CB8FC2102732C9C00029E537 /* Onboarding-SwiftUI */,
				CB8FC20F2732C9C00029E537 /* Products */,
			);
			sourceTree = "<group>";
		};
		CB8FC20F2732C9C00029E537 /* Products */ = {
			isa = PBXGroup;
			children = (
				CB8FC20E2732C9C00029E537 /* Onboarding-SwiftUI.app */,
			);
			name = Products;
			sourceTree = "<group>";
		};
		CB8FC2102732C9C00029E537 /* Onboarding-SwiftUI */ = {
			isa = PBXGroup;
			children = (
				CB8FC2212732C9DE0029E537 /* App */,
				CB8FC231273347780029E537 /* Utils */,
				CB8FC2282732D0DE0029E537 /* Constants */,
				CB8FC2222732C9ED0029E537 /* Resources */,
				CB94BE5927380A9400D2C94D /* ContainerView */,
				CB8FC23C273405800029E537 /* PeelAwayOnboardingView */,
				CB8FC22B2732EC6C0029E537 /* DotInversionOnboarding */,
				CB8FC2202732C9CD0029E537 /* FadingOnboarding */,
				CB8FC2172732C9C20029E537 /* Preview Content */,
			);
			path = "Onboarding-SwiftUI";
			sourceTree = "<group>";
		};
		CB8FC2172732C9C20029E537 /* Preview Content */ = {
			isa = PBXGroup;
			children = (
				CB8FC2182732C9C20029E537 /* Preview Assets.xcassets */,
			);
			path = "Preview Content";
			sourceTree = "<group>";
		};
		CB8FC2202732C9CD0029E537 /* FadingOnboarding */ = {
			isa = PBXGroup;
			children = (
				CB8FC2242732D0390029E537 /* FadingOnboardingView.swift */,
				CB8FC23A273405060029E537 /* SigninButton.swift */,
				CB8FC2262732D04D0029E537 /* TextAnimation.swift */,
			);
			path = FadingOnboarding;
			sourceTree = "<group>";
		};
		CB8FC2212732C9DE0029E537 /* App */ = {
			isa = PBXGroup;
			children = (
				CB8FC21A2732C9C20029E537 /* Info.plist */,
				CB8FC2112732C9C00029E537 /* Onboarding_SwiftUIApp.swift */,
			);
			path = App;
			sourceTree = "<group>";
		};
		CB8FC2222732C9ED0029E537 /* Resources */ = {
			isa = PBXGroup;
			children = (
				CB8FC2152732C9C20029E537 /* Assets.xcassets */,
			);
			path = Resources;
			sourceTree = "<group>";
		};
		CB8FC2282732D0DE0029E537 /* Constants */ = {
			isa = PBXGroup;
			children = (
				CB8FC2292732D0ED0029E537 /* Constants.swift */,
			);
			path = Constants;
			sourceTree = "<group>";
		};
		CB8FC22B2732EC6C0029E537 /* DotInversionOnboarding */ = {
			isa = PBXGroup;
			children = (
				CB8FC22D2732EC940029E537 /* DotInversionOnboardingView.swift */,
				CB8FC238273404580029E537 /* PageIndicator.swift */,
				CB8FC236273403C40029E537 /* SkipButton.swift */,
				CB8FC22F273329320029E537 /* DotScreenModel.swift */,
			);
			path = DotInversionOnboarding;
			sourceTree = "<group>";
		};
		CB8FC231273347780029E537 /* Utils */ = {
			isa = PBXGroup;
			children = (
				CB8FC2322733478A0029E537 /* View+Extension.swift */,
				CB94BE572738075500D2C94D /* BackButton.swift */,
			);
			path = Utils;
			sourceTree = "<group>";
		};
		CB8FC23C273405800029E537 /* PeelAwayOnboardingView */ = {
			isa = PBXGroup;
			children = (
				CB8FC23E27340D0D0029E537 /* PeelAwayOnboardingView.swift */,
				CB8FC2422734149F0029E537 /* LiquidView.swift */,
				CB8F86162734AA7B0026F1BA /* PeelPageIndicator.swift */,
				CB8FC24027340D740029E537 /* PeelScreenModel.swift */,
			);
			path = PeelAwayOnboardingView;
			sourceTree = "<group>";
		};
		CB94BE5927380A9400D2C94D /* ContainerView */ = {
			isa = PBXGroup;
			children = (
				CB94BE5A27380AB400D2C94D /* ContainerView.swift */,
			);
			path = ContainerView;
			sourceTree = "<group>";
		};
/* End PBXGroup section */

/* Begin PBXNativeTarget section */
		CB8FC20D2732C9C00029E537 /* Onboarding-SwiftUI */ = {
			isa = PBXNativeTarget;
			buildConfigurationList = CB8FC21D2732C9C20029E537 /* Build configuration list for PBXNativeTarget "Onboarding-SwiftUI" */;
			buildPhases = (
				CB8FC20A2732C9C00029E537 /* Sources */,
				CB8FC20B2732C9C00029E537 /* Frameworks */,
				CB8FC20C2732C9C00029E537 /* Resources */,
			);
			buildRules = (
			);
			dependencies = (
			);
			name = "Onboarding-SwiftUI";
			productName = "Onboarding-SwiftUI";
			productReference = CB8FC20E2732C9C00029E537 /* Onboarding-SwiftUI.app */;
			productType = "com.apple.product-type.application";
		};
/* End PBXNativeTarget section */

/* Begin PBXProject section */
		CB8FC2062732C9C00029E537 /* Project object */ = {
			isa = PBXProject;
			attributes = {
				LastSwiftUpdateCheck = 1250;
				LastUpgradeCheck = 1250;
				TargetAttributes = {
					CB8FC20D2732C9C00029E537 = {
						CreatedOnToolsVersion = 12.5;
					};
				};
			};
			buildConfigurationList = CB8FC2092732C9C00029E537 /* Build configuration list for PBXProject "Onboarding-SwiftUI" */;
			compatibilityVersion = "Xcode 9.3";
			developmentRegion = en;
			hasScannedForEncodings = 0;
			knownRegions = (
				en,
				Base,
			);
			mainGroup = CB8FC2052732C9C00029E537;
			productRefGroup = CB8FC20F2732C9C00029E537 /* Products */;
			projectDirPath = "";
			projectRoot = "";
			targets = (
				CB8FC20D2732C9C00029E537 /* Onboarding-SwiftUI */,
			);
		};
/* End PBXProject section */

/* Begin PBXResourcesBuildPhase section */
		CB8FC20C2732C9C00029E537 /* Resources */ = {
			isa = PBXResourcesBuildPhase;
			buildActionMask = 2147483647;
			files = (
				CB8FC2192732C9C20029E537 /* Preview Assets.xcassets in Resources */,
				CB8FC2162732C9C20029E537 /* Assets.xcassets in Resources */,
			);
			runOnlyForDeploymentPostprocessing = 0;
		};
/* End PBXResourcesBuildPhase section */

/* Begin PBXSourcesBuildPhase section */
		CB8FC20A2732C9C00029E537 /* Sources */ = {
			isa = PBXSourcesBuildPhase;
			buildActionMask = 2147483647;
			files = (
				CB8FC2252732D0390029E537 /* FadingOnboardingView.swift in Sources */,
				CB8FC2272732D04D0029E537 /* TextAnimation.swift in Sources */,
				CB8FC2122732C9C00029E537 /* Onboarding_SwiftUIApp.swift in Sources */,
				CB8FC23F27340D0D0029E537 /* PeelAwayOnboardingView.swift in Sources */,
				CB8FC23B273405060029E537 /* SigninButton.swift in Sources */,
				CB8FC230273329320029E537 /* DotScreenModel.swift in Sources */,
				CB8FC22E2732EC940029E537 /* DotInversionOnboardingView.swift in Sources */,
				CB8FC2432734149F0029E537 /* LiquidView.swift in Sources */,
				CB8F86172734AA7B0026F1BA /* PeelPageIndicator.swift in Sources */,
				CB8FC24127340D740029E537 /* PeelScreenModel.swift in Sources */,
				CB8FC2332733478A0029E537 /* View+Extension.swift in Sources */,
				CB8FC237273403C40029E537 /* SkipButton.swift in Sources */,
				CB94BE5B27380AB400D2C94D /* ContainerView.swift in Sources */,
				CB8FC239273404580029E537 /* PageIndicator.swift in Sources */,
				CB8FC22A2732D0ED0029E537 /* Constants.swift in Sources */,
				CB94BE582738075500D2C94D /* BackButton.swift in Sources */,
			);
			runOnlyForDeploymentPostprocessing = 0;
		};
/* End PBXSourcesBuildPhase section */

/* Begin XCBuildConfiguration section */
		CB8FC21B2732C9C20029E537 /* Debug */ = {
			isa = XCBuildConfiguration;
			buildSettings = {
				ALWAYS_SEARCH_USER_PATHS = NO;
				CLANG_ANALYZER_NONNULL = YES;
				CLANG_ANALYZER_NUMBER_OBJECT_CONVERSION = YES_AGGRESSIVE;
				CLANG_CXX_LANGUAGE_STANDARD = "gnu++14";
				CLANG_CXX_LIBRARY = "libc++";
				CLANG_ENABLE_MODULES = YES;
				CLANG_ENABLE_OBJC_ARC = YES;
				CLANG_ENABLE_OBJC_WEAK = YES;
				CLANG_WARN_BLOCK_CAPTURE_AUTORELEASING = YES;
				CLANG_WARN_BOOL_CONVERSION = YES;
				CLANG_WARN_COMMA = YES;
				CLANG_WARN_CONSTANT_CONVERSION = YES;
				CLANG_WARN_DEPRECATED_OBJC_IMPLEMENTATIONS = YES;
				CLANG_WARN_DIRECT_OBJC_ISA_USAGE = YES_ERROR;
				CLANG_WARN_DOCUMENTATION_COMMENTS = YES;
				CLANG_WARN_EMPTY_BODY = YES;
				CLANG_WARN_ENUM_CONVERSION = YES;
				CLANG_WARN_INFINITE_RECURSION = YES;
				CLANG_WARN_INT_CONVERSION = YES;
				CLANG_WARN_NON_LITERAL_NULL_CONVERSION = YES;
				CLANG_WARN_OBJC_IMPLICIT_RETAIN_SELF = YES;
				CLANG_WARN_OBJC_LITERAL_CONVERSION = YES;
				CLANG_WARN_OBJC_ROOT_CLASS = YES_ERROR;
				CLANG_WARN_QUOTED_INCLUDE_IN_FRAMEWORK_HEADER = YES;
				CLANG_WARN_RANGE_LOOP_ANALYSIS = YES;
				CLANG_WARN_STRICT_PROTOTYPES = YES;
				CLANG_WARN_SUSPICIOUS_MOVE = YES;
				CLANG_WARN_UNGUARDED_AVAILABILITY = YES_AGGRESSIVE;
				CLANG_WARN_UNREACHABLE_CODE = YES;
				CLANG_WARN__DUPLICATE_METHOD_MATCH = YES;
				COPY_PHASE_STRIP = NO;
				DEBUG_INFORMATION_FORMAT = dwarf;
				ENABLE_STRICT_OBJC_MSGSEND = YES;
				ENABLE_TESTABILITY = YES;
				GCC_C_LANGUAGE_STANDARD = gnu11;
				GCC_DYNAMIC_NO_PIC = NO;
				GCC_NO_COMMON_BLOCKS = YES;
				GCC_OPTIMIZATION_LEVEL = 0;
				GCC_PREPROCESSOR_DEFINITIONS = (
					"DEBUG=1",
					"$(inherited)",
				);
				GCC_WARN_64_TO_32_BIT_CONVERSION = YES;
				GCC_WARN_ABOUT_RETURN_TYPE = YES_ERROR;
				GCC_WARN_UNDECLARED_SELECTOR = YES;
				GCC_WARN_UNINITIALIZED_AUTOS = YES_AGGRESSIVE;
				GCC_WARN_UNUSED_FUNCTION = YES;
				GCC_WARN_UNUSED_VARIABLE = YES;
				IPHONEOS_DEPLOYMENT_TARGET = 14.5;
				MTL_ENABLE_DEBUG_INFO = INCLUDE_SOURCE;
				MTL_FAST_MATH = YES;
				ONLY_ACTIVE_ARCH = YES;
				SDKROOT = iphoneos;
				SWIFT_ACTIVE_COMPILATION_CONDITIONS = DEBUG;
				SWIFT_OPTIMIZATION_LEVEL = "-Onone";
			};
			name = Debug;
		};
		CB8FC21C2732C9C20029E537 /* Release */ = {
			isa = XCBuildConfiguration;
			buildSettings = {
				ALWAYS_SEARCH_USER_PATHS = NO;
				CLANG_ANALYZER_NONNULL = YES;
				CLANG_ANALYZER_NUMBER_OBJECT_CONVERSION = YES_AGGRESSIVE;
				CLANG_CXX_LANGUAGE_STANDARD = "gnu++14";
				CLANG_CXX_LIBRARY = "libc++";
				CLANG_ENABLE_MODULES = YES;
				CLANG_ENABLE_OBJC_ARC = YES;
				CLANG_ENABLE_OBJC_WEAK = YES;
				CLANG_WARN_BLOCK_CAPTURE_AUTORELEASING = YES;
				CLANG_WARN_BOOL_CONVERSION = YES;
				CLANG_WARN_COMMA = YES;
				CLANG_WARN_CONSTANT_CONVERSION = YES;
				CLANG_WARN_DEPRECATED_OBJC_IMPLEMENTATIONS = YES;
				CLANG_WARN_DIRECT_OBJC_ISA_USAGE = YES_ERROR;
				CLANG_WARN_DOCUMENTATION_COMMENTS = YES;
				CLANG_WARN_EMPTY_BODY = YES;
				CLANG_WARN_ENUM_CONVERSION = YES;
				CLANG_WARN_INFINITE_RECURSION = YES;
				CLANG_WARN_INT_CONVERSION = YES;
				CLANG_WARN_NON_LITERAL_NULL_CONVERSION = YES;
				CLANG_WARN_OBJC_IMPLICIT_RETAIN_SELF = YES;
				CLANG_WARN_OBJC_LITERAL_CONVERSION = YES;
				CLANG_WARN_OBJC_ROOT_CLASS = YES_ERROR;
				CLANG_WARN_QUOTED_INCLUDE_IN_FRAMEWORK_HEADER = YES;
				CLANG_WARN_RANGE_LOOP_ANALYSIS = YES;
				CLANG_WARN_STRICT_PROTOTYPES = YES;
				CLANG_WARN_SUSPICIOUS_MOVE = YES;
				CLANG_WARN_UNGUARDED_AVAILABILITY = YES_AGGRESSIVE;
				CLANG_WARN_UNREACHABLE_CODE = YES;
				CLANG_WARN__DUPLICATE_METHOD_MATCH = YES;
				COPY_PHASE_STRIP = NO;
				DEBUG_INFORMATION_FORMAT = "dwarf-with-dsym";
				ENABLE_NS_ASSERTIONS = NO;
				ENABLE_STRICT_OBJC_MSGSEND = YES;
				GCC_C_LANGUAGE_STANDARD = gnu11;
				GCC_NO_COMMON_BLOCKS = YES;
				GCC_WARN_64_TO_32_BIT_CONVERSION = YES;
				GCC_WARN_ABOUT_RETURN_TYPE = YES_ERROR;
				GCC_WARN_UNDECLARED_SELECTOR = YES;
				GCC_WARN_UNINITIALIZED_AUTOS = YES_AGGRESSIVE;
				GCC_WARN_UNUSED_FUNCTION = YES;
				GCC_WARN_UNUSED_VARIABLE = YES;
				IPHONEOS_DEPLOYMENT_TARGET = 14.5;
				MTL_ENABLE_DEBUG_INFO = NO;
				MTL_FAST_MATH = YES;
				SDKROOT = iphoneos;
				SWIFT_COMPILATION_MODE = wholemodule;
				SWIFT_OPTIMIZATION_LEVEL = "-O";
				VALIDATE_PRODUCT = YES;
			};
			name = Release;
		};
		CB8FC21E2732C9C20029E537 /* Debug */ = {
			isa = XCBuildConfiguration;
			buildSettings = {
				ASSETCATALOG_COMPILER_APPICON_NAME = AppIcon;
				ASSETCATALOG_COMPILER_GLOBAL_ACCENT_COLOR_NAME = AccentColor;
				CODE_SIGN_STYLE = Automatic;
				DEVELOPMENT_ASSET_PATHS = "\"Onboarding-SwiftUI/Preview Content\"";
				DEVELOPMENT_TEAM = J65YQ3P529;
				ENABLE_PREVIEWS = YES;
				INFOPLIST_FILE = "$(SRCROOT)/Onboarding-SwiftUI/App/Info.plist";
				IPHONEOS_DEPLOYMENT_TARGET = 14.0;
				LD_RUNPATH_SEARCH_PATHS = (
					"$(inherited)",
					"@executable_path/Frameworks",
				);
				PRODUCT_BUNDLE_IDENTIFIER = "com.marwan.Onboarding-SwiftUI";
				PRODUCT_NAME = "$(TARGET_NAME)";
				SWIFT_VERSION = 5.0;
				TARGETED_DEVICE_FAMILY = "1,2";
			};
			name = Debug;
		};
		CB8FC21F2732C9C20029E537 /* Release */ = {
			isa = XCBuildConfiguration;
			buildSettings = {
				ASSETCATALOG_COMPILER_APPICON_NAME = AppIcon;
				ASSETCATALOG_COMPILER_GLOBAL_ACCENT_COLOR_NAME = AccentColor;
				CODE_SIGN_STYLE = Automatic;
				DEVELOPMENT_ASSET_PATHS = "\"Onboarding-SwiftUI/Preview Content\"";
				DEVELOPMENT_TEAM = J65YQ3P529;
				ENABLE_PREVIEWS = YES;
				INFOPLIST_FILE = "$(SRCROOT)/Onboarding-SwiftUI/App/Info.plist";
				IPHONEOS_DEPLOYMENT_TARGET = 14.0;
				LD_RUNPATH_SEARCH_PATHS = (
					"$(inherited)",
					"@executable_path/Frameworks",
				);
				PRODUCT_BUNDLE_IDENTIFIER = "com.marwan.Onboarding-SwiftUI";
				PRODUCT_NAME = "$(TARGET_NAME)";
				SWIFT_VERSION = 5.0;
				TARGETED_DEVICE_FAMILY = "1,2";
			};
			name = Release;
		};
/* End XCBuildConfiguration section */

/* Begin XCConfigurationList section */
		CB8FC2092732C9C00029E537 /* Build configuration list for PBXProject "Onboarding-SwiftUI" */ = {
			isa = XCConfigurationList;
			buildConfigurations = (
				CB8FC21B2732C9C20029E537 /* Debug */,
				CB8FC21C2732C9C20029E537 /* Release */,
			);
			defaultConfigurationIsVisible = 0;
			defaultConfigurationName = Release;
		};
		CB8FC21D2732C9C20029E537 /* Build configuration list for PBXNativeTarget "Onboarding-SwiftUI" */ = {
			isa = XCConfigurationList;
			buildConfigurations = (
				CB8FC21E2732C9C20029E537 /* Debug */,
				CB8FC21F2732C9C20029E537 /* Release */,
			);
			defaultConfigurationIsVisible = 0;
			defaultConfigurationName = Release;
		};
/* End XCConfigurationList section */
	};
	rootObject = CB8FC2062732C9C00029E537 /* Project object */;
}
